<?xml version="1.0" encoding="utf-8"?>
<Project ToolsVersion="4.0" xmlns="http://schemas.microsoft.com/developer/msbuild/2003">
  <ItemGroup>
    <Filter Include="Source Files">
      <UniqueIdentifier>{4FC737F1-C7A5-4376-A066-2A32D752A2FF}</UniqueIdentifier>
      <Extensions>cpp;c;cc;cxx;c++;def;odl;idl;hpj;bat;asm;asmx</Extensions>
    </Filter>
    <Filter Include="Header Files">
      <UniqueIdentifier>{93995380-89BD-4b04-88EB-625FBE52EBFB}</UniqueIdentifier>
      <Extensions>h;hh;hpp;hxx;h++;hm;inl;inc;ipp;xsd</Extensions>
    </Filter>
    <Filter Include="Resource Files">
      <UniqueIdentifier>{67DA6AB6-F800-4c08-8B7A-83BB121AAD01}</UniqueIdentifier>
      <Extensions>rc;ico;cur;bmp;dlg;rc2;rct;bin;rgs;gif;jpg;jpeg;jpe;resx;tiff;tif;png;wav;mfcribbon-ms</Extensions>
    </Filter>
  </ItemGroup>
  <ItemGroup>
    <ClCompile Include="src\main.cpp">
      <Filter>Source Files</Filter>
    </ClCompile>
    <ClCompile Include="src\game\terrain\TerrainFactory.cpp">
      <Filter>Source Files</Filter>
    </ClCompile>
    <ClCompile Include="src\game\character\CharacterFactory.cpp">
      <Filter>Source Files</Filter>
    </ClCompile>
    <ClCompile Include="src\game\character\CharacterUpdater.cpp">
      <Filter>Source Files</Filter>
    </ClCompile>
    <ClCompile Include="src\game\character\CharacterCollisionHandler.cpp">
      <Filter>Source Files</Filter>
    </ClCompile>
    <ClCompile Include="src\game\character\CharacterInputHandler.cpp">
      <Filter>Source Files</Filter>
    </ClCompile>
    <ClCompile Include="src\game\Wobba.cpp">
      <Filter>Source Files</Filter>
    </ClCompile>
    <ClCompile Include="src\game\character\CameraUpdater.cpp">
      <Filter>Source Files</Filter>
    </ClCompile>
    <ClCompile Include="src\game\character\DeathChecker.cpp">
      <Filter>Source Files</Filter>
    </ClCompile>
    <ClCompile Include="src\game\terrain\LavaFactory.cpp">
      <Filter>Source Files</Filter>
    </ClCompile>
    <ClCompile Include="src\game\terrain\BackgroundRenderer.cpp">
      <Filter>Source Files</Filter>
    </ClCompile>
    <ClCompile Include="src\game\character\CharacterRenderer.cpp">
      <Filter>Source Files</Filter>
    </ClCompile>
    <ClCompile Include="src\game\ui\DeathScreenFactory.cpp">
      <Filter>Source Files</Filter>
    </ClCompile>
    <ClCompile Include="src\game\ui\DeadRenderer.cpp">
      <Filter>Source Files</Filter>
    </ClCompile>
    <ClCompile Include="src\game\ui\DeadInputHandler.cpp">
      <Filter>Source Files</Filter>
    </ClCompile>
    <ClCompile Include="src\game\ui\DeathUpdater.cpp">
      <Filter>Source Files</Filter>
    </ClCompile>
    <ClCompile Include="src\game\hazards\FireballFactory.cpp">
      <Filter>Source Files</Filter>
    </ClCompile>
    <ClCompile Include="src\game\hazards\FireballUpdater.cpp">
      <Filter>Source Files</Filter>
    </ClCompile>
    <ClCompile Include="src\game\enemies\CreepyUpdater.cpp">
      <Filter>Source Files</Filter>
    </ClCompile>
    <ClCompile Include="src\game\enemies\CreepyRenderer.cpp">
      <Filter>Source Files</Filter>
    </ClCompile>
    <ClCompile Include="src\game\enemies\CreepyFactory.cpp">
      <Filter>Source Files</Filter>
    </ClCompile>
    <ClCompile Include="src\game\enemies\CreepyInfo.cpp">
      <Filter>Source Files</Filter>
    </ClCompile>
  </ItemGroup>
  <ItemGroup>
    <None Include="packages.config" />
    <None Include="assets\CreepOut.xm" />
  </ItemGroup>
  <ItemGroup>
    <ClInclude Include="src\game\terrain\TerrainFactory.h">
      <Filter>Header Files</Filter>
    </ClInclude>
    <ClInclude Include="src\game\character\CharacterFactory.h">
      <Filter>Header Files</Filter>
    </ClInclude>
    <ClInclude Include="src\game\character\CharacterUpdater.h">
      <Filter>Header Files</Filter>
    </ClInclude>
    <ClInclude Include="src\game\character\CharacterCollisionHandler.h">
      <Filter>Header Files</Filter>
    </ClInclude>
    <ClInclude Include="src\game\character\CharacterInfo.h">
      <Filter>Header Files</Filter>
    </ClInclude>
    <ClInclude Include="src\game\character\CharacterInputHandler.h">
      <Filter>Header Files</Filter>
    </ClInclude>
    <ClInclude Include="src\game\Direction.h">
      <Filter>Header Files</Filter>
    </ClInclude>
    <ClInclude Include="src\game\Wobba.h">
      <Filter>Header Files</Filter>
    </ClInclude>
    <ClInclude Include="src\game\character\CameraUpdater.h">
      <Filter>Header Files</Filter>
    </ClInclude>
    <ClInclude Include="src\game\character\DeathChecker.h">
      <Filter>Header Files</Filter>
    </ClInclude>
    <ClInclude Include="src\game\terrain\SafeSurface.h">
      <Filter>Header Files</Filter>
    </ClInclude>
    <ClInclude Include="src\game\terrain\LavaFactory.h">
      <Filter>Header Files</Filter>
    </ClInclude>
    <ClInclude Include="src\game\terrain\BackgroundRenderer.h">
      <Filter>Header Files</Filter>
    </ClInclude>
    <ClInclude Include="src\game\character\CharacterRenderer.h">
      <Filter>Header Files</Filter>
    </ClInclude>
    <ClInclude Include="src\game\ui\DeathScreenFactory.h">
      <Filter>Header Files</Filter>
    </ClInclude>
    <ClInclude Include="src\game\ui\DeadRenderer.h">
      <Filter>Header Files</Filter>
    </ClInclude>
    <ClInclude Include="src\game\ui\DeadInputHandler.h">
      <Filter>Header Files</Filter>
    </ClInclude>
    <ClInclude Include="src\game\ui\DeathUpdater.h">
      <Filter>Header Files</Filter>
    </ClInclude>
    <ClInclude Include="src\game\hazards\FireballFactory.h">
      <Filter>Header Files</Filter>
    </ClInclude>
    <ClInclude Include="src\game\hazards\FireballUpdater.h">
      <Filter>Header Files</Filter>
    </ClInclude>
    <ClInclude Include="src\game\components\Damager.h">
      <Filter>Header Files</Filter>
    </ClInclude>
    <ClInclude Include="src\game\enemies\CreepyUpdater.h">
      <Filter>Header Files</Filter>
    </ClInclude>
    <ClInclude Include="src\game\enemies\CreepyInfo.h">
      <Filter>Header Files</Filter>
    </ClInclude>
    <ClInclude Include="src\game\enemies\CreepyRenderer.h">
      <Filter>Header Files</Filter>
    </ClInclude>
    <ClInclude Include="src\game\enemies\CreepyFactory.h">
      <Filter>Header Files</Filter>
    </ClInclude>
  </ItemGroup>
  <ItemGroup>
    <Image Include="assets\character.png">
      <Filter>Resource Files</Filter>
    </Image>
    <Image Include="assets\terrain.png">
      <Filter>Resource Files</Filter>
    </Image>
    <Image Include="assets\character2.png">
      <Filter>Resource Files</Filter>
    </Image>
    <Image Include="assets\terrain2.png">
      <Filter>Resource Files</Filter>
    </Image>
    <Image Include="assets\fireball.png">
      <Filter>Resource Files</Filter>
    </Image>
    <Image Include="assets\lava.png">
      <Filter>Resource Files</Filter>
    </Image>
    <Image Include="assets\creepy.png">
      <Filter>Resource Files</Filter>
    </Image>
  </ItemGroup>
  <ItemGroup>
    <Font Include="assets\verdana.ttf" />
  </ItemGroup>
  <ItemGroup>
    <Media Include="assets\Jump.wav">
      <Filter>Resource Files</Filter>
    </Media>
    <Media Include="assets\Death.wav">
      <Filter>Resource Files</Filter>
    </Media>
  </ItemGroup>
</Project>