
Microsoft Visual Studio Solution File, Format Version 12.00
# Visual Studio Version 16
VisualStudioVersion = 16.0.30204.135
MinimumVisualStudioVersion = 10.0.40219.1
Project("{8BC9CEB8-8B4A-11D0-8D11-00A0C91BC942}") = "wobo", "wobo\wobo.vcxproj", "{D4075F00-6B40-4D85-9A4F-0EC4826287C7}"
EndProject
Project("{8BC9CEB8-8B4A-11D0-8D11-00A0C91BC942}") = "engine", "engine\engine.vcxproj", "{B24CD978-2860-4AE2-AEFC-F2A7637F89CF}"
EndProject
Global
	GlobalSection(SolutionConfigurationPlatforms) = preSolution
		Debug|x64 = Debug|x64
		Debug|x86 = Debug|x86
		Release|x64 = Release|x64
		Release|x86 = Release|x86
	EndGlobalSection
	GlobalSection(ProjectConfigurationPlatforms) = postSolution
		{D4075F00-6B40-4D85-9A4F-0EC4826287C7}.Debug|x64.ActiveCfg = Debug|x64
		{D4075F00-6B40-4D85-9A4F-0EC4826287C7}.Debug|x64.Build.0 = Debug|x64
		{D4075F00-6B40-4D85-9A4F-0EC4826287C7}.Debug|x86.ActiveCfg = Debug|Win32
		{D4075F00-6B40-4D85-9A4F-0EC4826287C7}.Debug|x86.Build.0 = Debug|Win32
		{D4075F00-6B40-4D85-9A4F-0EC4826287C7}.Release|x64.ActiveCfg = Release|x64
		{D4075F00-6B40-4D85-9A4F-0EC4826287C7}.Release|x64.Build.0 = Release|x64
		{D4075F00-6B40-4D85-9A4F-0EC4826287C7}.Release|x86.ActiveCfg = Release|Win32
		{D4075F00-6B40-4D85-9A4F-0EC4826287C7}.Release|x86.Build.0 = Release|Win32
		{B24CD978-2860-4AE2-AEFC-F2A7637F89CF}.Debug|x64.ActiveCfg = Debug|x64
		{B24CD978-2860-4AE2-AEFC-F2A7637F89CF}.Debug|x64.Build.0 = Debug|x64
		{B24CD978-2860-4AE2-AEFC-F2A7637F89CF}.Debug|x86.ActiveCfg = Debug|Win32
		{B24CD978-2860-4AE2-AEFC-F2A7637F89CF}.Debug|x86.Build.0 = Debug|Win32
		{B24CD978-2860-4AE2-AEFC-F2A7637F89CF}.Release|x64.ActiveCfg = Release|x64
		{B24CD978-2860-4AE2-AEFC-F2A7637F89CF}.Release|x64.Build.0 = Release|x64
		{B24CD978-2860-4AE2-AEFC-F2A7637F89CF}.Release|x86.ActiveCfg = Release|Win32
		{B24CD978-2860-4AE2-AEFC-F2A7637F89CF}.Release|x86.Build.0 = Release|Win32
	EndGlobalSection
	GlobalSection(SolutionProperties) = preSolution
		HideSolutionNode = FALSE
	EndGlobalSection
	GlobalSection(ExtensibilityGlobals) = postSolution
		SolutionGuid = {99FEE4BE-8B66-491A-8858-BB06A786C639}
	EndGlobalSection
EndGlobal
